<?xml version="1.0" encoding="utf-8"?>
<Project ToolsVersion="4.0" xmlns="http://schemas.microsoft.com/developer/msbuild/2003">
  <ItemGroup>
    <ClCompile Include="Source\Log.cpp">
      <Filter>Utils</Filter>
    </ClCompile>
    <ClCompile Include="Source\External\PugiXml\src\pugixml.cpp">
      <Filter>External\PugiXml</Filter>
    </ClCompile>
    <ClCompile Include="Source\App.cpp">
      <Filter>Core</Filter>
    </ClCompile>
    <ClCompile Include="Source\Main.cpp">
      <Filter>Core</Filter>
    </ClCompile>
    <ClCompile Include="Source\SceneIntro.cpp">
      <Filter>Scenes</Filter>
    </ClCompile>
    <ClCompile Include="Source\Scene.cpp">
      <Filter>Scenes</Filter>
    </ClCompile>
    <ClCompile Include="Source\Audio.cpp">
      <Filter>UtilityModules</Filter>
    </ClCompile>
    <ClCompile Include="Source\EntityManager.cpp">
      <Filter>UtilityModules</Filter>
    </ClCompile>
    <ClCompile Include="Source\Input.cpp">
      <Filter>UtilityModules</Filter>
    </ClCompile>
    <ClCompile Include="Source\Window.cpp">
      <Filter>UtilityModules</Filter>
    </ClCompile>
    <ClCompile Include="Source\Textures.cpp">
      <Filter>UtilityModules</Filter>
    </ClCompile>
    <ClCompile Include="Source\Render.cpp">
      <Filter>UtilityModules</Filter>
    </ClCompile>
    <ClCompile Include="Source\Physics.cpp">
      <Filter>UtilityModules</Filter>
    </ClCompile>
    <ClCompile Include="Source\ModuleFadeToBlack.cpp">
      <Filter>UtilityModules</Filter>
    </ClCompile>
    <ClCompile Include="Source\Map.cpp">
      <Filter>UtilityModules</Filter>
    </ClCompile>
    <ClCompile Include="Source\Item.cpp">
      <Filter>Entities</Filter>
    </ClCompile>
    <ClCompile Include="Source\Player.cpp">
      <Filter>Entities</Filter>
    </ClCompile>
    <ClCompile Include="Source\terrestreEnemy.cpp">
      <Filter>Entities</Filter>
    </ClCompile>
    <ClCompile Include="Source\ModuleFonts.cpp">
      <Filter>UtilityModules</Filter>
    </ClCompile>
  </ItemGroup>
  <ItemGroup>
    <ClInclude Include="Source\Defs.h">
      <Filter>Utils</Filter>
    </ClInclude>
    <ClInclude Include="Source\DynArray.h">
      <Filter>Utils</Filter>
    </ClInclude>
    <ClInclude Include="Source\List.h">
      <Filter>Utils</Filter>
    </ClInclude>
    <ClInclude Include="Source\Log.h">
      <Filter>Utils</Filter>
    </ClInclude>
    <ClInclude Include="Source\Point.h">
      <Filter>Utils</Filter>
    </ClInclude>
    <ClInclude Include="Source\SString.h">
      <Filter>Utils</Filter>
    </ClInclude>
    <ClInclude Include="Source\External\PugiXml\src\pugiconfig.hpp">
      <Filter>External\PugiXml</Filter>
    </ClInclude>
    <ClInclude Include="Source\External\PugiXml\src\pugixml.hpp">
      <Filter>External\PugiXml</Filter>
    </ClInclude>
    <ClInclude Include="Source\Queue.h">
      <Filter>Utils</Filter>
    </ClInclude>
    <ClInclude Include="Source\Animation.h" />
    <ClInclude Include="Source\App.h">
      <Filter>Core</Filter>
    </ClInclude>
    <ClInclude Include="Source\SceneIntro.h">
      <Filter>Scenes</Filter>
    </ClInclude>
    <ClInclude Include="Source\Scene.h">
      <Filter>Scenes</Filter>
    </ClInclude>
    <ClInclude Include="Source\Audio.h">
      <Filter>UtilityModules</Filter>
    </ClInclude>
    <ClInclude Include="Source\Entity.h">
      <Filter>UtilityModules</Filter>
    </ClInclude>
    <ClInclude Include="Source\EntityManager.h">
      <Filter>UtilityModules</Filter>
    </ClInclude>
    <ClInclude Include="Source\Input.h">
      <Filter>UtilityModules</Filter>
    </ClInclude>
    <ClInclude Include="Source\Window.h">
      <Filter>UtilityModules</Filter>
    </ClInclude>
    <ClInclude Include="Source\Textures.h">
      <Filter>UtilityModules</Filter>
    </ClInclude>
    <ClInclude Include="Source\Render.h">
      <Filter>UtilityModules</Filter>
    </ClInclude>
    <ClInclude Include="Source\Physics.h">
      <Filter>UtilityModules</Filter>
    </ClInclude>
    <ClInclude Include="Source\ModuleFadeToBlack.h">
      <Filter>UtilityModules</Filter>
    </ClInclude>
    <ClInclude Include="Source\Module.h">
      <Filter>UtilityModules</Filter>
    </ClInclude>
    <ClInclude Include="Source\Map.h">
      <Filter>UtilityModules</Filter>
    </ClInclude>
    <ClInclude Include="Source\Item.h">
      <Filter>Entities</Filter>
    </ClInclude>
    <ClInclude Include="Source\Player.h">
      <Filter>Entities</Filter>
    </ClInclude>
    <ClInclude Include="Source\terrestreEnemy.h">
      <Filter>Entities</Filter>
    </ClInclude>
    <ClInclude Include="Source\ModuleFonts.h">
      <Filter>UtilityModules</Filter>
    </ClInclude>
    <ClInclude Include="Source\resource.h" />
  </ItemGroup>
  <ItemGroup>
    <Filter Include="External">
      <UniqueIdentifier>{83a966c7-b4bb-4eff-9c2c-3ff3c7b55a60}</UniqueIdentifier>
    </Filter>
    <Filter Include="Utils">
      <UniqueIdentifier>{2cad778a-d356-48b0-9fee-587f1bbb187e}</UniqueIdentifier>
    </Filter>
    <Filter Include="External\PugiXml">
      <UniqueIdentifier>{2855ff7f-53a1-413d-a75b-18b4ade921dd}</UniqueIdentifier>
    </Filter>
    <Filter Include="Core">
      <UniqueIdentifier>{4272f1b5-6293-45df-b69b-bded0c604d51}</UniqueIdentifier>
    </Filter>
    <Filter Include="Scenes">
      <UniqueIdentifier>{5eec969d-da0c-409e-945c-dc6e135d99af}</UniqueIdentifier>
    </Filter>
    <Filter Include="UtilityModules">
      <UniqueIdentifier>{6f395430-be72-476b-9326-c24c955f6557}</UniqueIdentifier>
    </Filter>
    <Filter Include="Entities">
      <UniqueIdentifier>{9510978b-8c99-41f2-9d88-5e03e09e0cab}</UniqueIdentifier>
    </Filter>
  </ItemGroup>
  <ItemGroup>
    <ResourceCompile Include="Source\ANormalWalkInElPueblo.rc" />
  </ItemGroup>
  <ItemGroup>
    <Image Include="..\Output\Assets\Textures\icon.ico" />
  </ItemGroup>
</Project>